
Microsoft Visual Studio Solution File, Format Version 12.00
# Visual Studio Version 17
VisualStudioVersion = 17.14.36518.9
MinimumVisualStudioVersion = 10.0.40219.1
Project("{2150E333-8FDC-42A3-9474-1A3956D46DE8}") = "Task0", "Task0", "{02EA681E-C7D8-13C7-8484-4AC65E1B71E8}"
EndProject
Project("{FAE04EC0-301F-11D3-BF4B-00C04F79EFBC}") = "Tyuiu.AngeliA.Sprint1.Task0.V15.Lib", "Tyuiu.AngeliA.Sprint1.Task0.V15.Lib\Tyuiu.AngeliA.Sprint1.Task0.V15.Lib.csproj", "{DE9B43B9-19F5-4A00-A21E-BE66ADA13418}"
EndProject
Project("{FAE04EC0-301F-11D3-BF4B-00C04F79EFBC}") = "Tyuiu.AngeliA.Sprint1.Task0.V15.Test", "Tyuiu.AngeliA.Sprint1.Task0.V15.Test\Tyuiu.AngeliA.Sprint1.Task0.V15.Test.csproj", "{E04B95A6-EDC8-40DA-A891-B356EB546F6B}"
EndProject
Project("{FAE04EC0-301F-11D3-BF4B-00C04F79EFBC}") = "Tyuiu.AngeliA.Sprint1.Task0.V15", "Tyuiu.AngeliA.Sprint1.Task0.V15\Tyuiu.AngeliA.Sprint1.Task0.V15.csproj", "{EC40AC2E-017C-46ED-9717-F3712FC8E9C0}"
EndProject
Project("{2150E333-8FDC-42A3-9474-1A3956D46DE8}") = "Task1", "Task1", "{0F81771B-3FAB-4600-B1A1-19FE94F32532}"
EndProject
Project("{FAE04EC0-301F-11D3-BF4B-00C04F79EFBC}") = "Tyuiu.AngeliA.Sprint1.Task1.V13.Lib", "Tyuiu.AngeliA.Sprint1.Task1.V13.Lib\Tyuiu.AngeliA.Sprint1.Task1.V13.Lib.csproj", "{1D82D3F6-C9D1-4AAF-9F93-71B668D84765}"
EndProject
Project("{FAE04EC0-301F-11D3-BF4B-00C04F79EFBC}") = "Tyuiu.AngeliA.Sprint1.Task1.V13", "Tyuiu.AngeliA.Sprint1.Task1.V13\Tyuiu.AngeliA.Sprint1.Task1.V13.csproj", "{3254454F-7DFC-41B7-B452-0AAD20E0FE64}"
EndProject
Project("{FAE04EC0-301F-11D3-BF4B-00C04F79EFBC}") = "Tyuiu.AngeliA.Sprint1.Task1.V13.Test", "Tyuiu.AngeliA.Sprint1.Task1.V13.Test\Tyuiu.AngeliA.Sprint1.Task1.V13.Test.csproj", "{7E1DB1B8-D2EF-4336-BD58-88E259C03190}"
EndProject
Project("{2150E333-8FDC-42A3-9474-1A3956D46DE8}") = "Task2", "Task2", "{DCBFD9D7-8DDA-4A5E-B4B1-EA3EE2B41A0A}"
EndProject
Project("{FAE04EC0-301F-11D3-BF4B-00C04F79EFBC}") = "Tyuiu.AngeliA.Sprint1.Task2.V7", "Tyuiu.AngeliA.Sprint1.Task2.V7\Tyuiu.AngeliA.Sprint1.Task2.V7.csproj", "{980718AB-97F5-4A02-8AFA-43D0DCCEB123}"
EndProject
Project("{FAE04EC0-301F-11D3-BF4B-00C04F79EFBC}") = "Tyuiu.AngeliA.Sprint1.Task2.V7.Lib", "Tyuiu.AngeliA.Sprint1.Task2.V7.Lib\Tyuiu.AngeliA.Sprint1.Task2.V7.Lib.csproj", "{AD919174-30FC-4A4C-976D-5A253C814DE0}"
EndProject
Project("{FAE04EC0-301F-11D3-BF4B-00C04F79EFBC}") = "Tyuiu.AngeliA.Sprint1.Task2.V7.Test", "Tyuiu.AngeliA.Sprint1.Task2.V7.Test\Tyuiu.AngeliA.Sprint1.Task2.V7.Test.csproj", "{9C5A4E4E-9E8B-4305-9817-5A326B13551B}"
EndProject
Project("{2150E333-8FDC-42A3-9474-1A3956D46DE8}") = "Task3", "Task3", "{C8105906-145B-4A3C-AE5E-DDAAEF069FFC}"
EndProject
Project("{FAE04EC0-301F-11D3-BF4B-00C04F79EFBC}") = "Tyuiu.AngeliA.Sprint1.Task3.V4", "Tyuiu.AngeliA.Sprint1.Task3.V4\Tyuiu.AngeliA.Sprint1.Task3.V4.csproj", "{321D5832-5BCE-413D-BA8D-08F614DDA806}"
EndProject
Project("{FAE04EC0-301F-11D3-BF4B-00C04F79EFBC}") = "Tyuiu.AngeliA.Sprint1.Task3.V4.Test", "Tyuiu.AngeliA.Sprint1.Task3.V4.Test\Tyuiu.AngeliA.Sprint1.Task3.V4.Test.csproj", "{57D17FBC-9A42-4362-BA3C-6FD782428005}"
EndProject
Project("{FAE04EC0-301F-11D3-BF4B-00C04F79EFBC}") = "Tyuiu.AngeliA.Sprint1.Task3.V4.Lib", "Tyuiu.AngeliA.Sprint1.Task3.V4.Lib\Tyuiu.AngeliA.Sprint1.Task3.V4.Lib.csproj", "{93672ECD-82F5-4A97-974E-C7BE175A4E1D}"
EndProject
Project("{2150E333-8FDC-42A3-9474-1A3956D46DE8}") = "Task4", "Task4", "{87E11561-75F9-445C-8066-745B3309177E}"
EndProject
Project("{FAE04EC0-301F-11D3-BF4B-00C04F79EFBC}") = "Tyuiu.AngeliA.Sprint1.Task4.V27", "Tyuiu.AngeliA.Sprint1.Task4.V27\Tyuiu.AngeliA.Sprint1.Task4.V27.csproj", "{861D1B65-6913-4A6C-B55B-2A7D2D9AFA09}"
EndProject
Project("{FAE04EC0-301F-11D3-BF4B-00C04F79EFBC}") = "Tyuiu.AngeliA.Sprint1.Task4.V27.Test", "Tyuiu.AngeliA.Sprint1.Task4.V27.Test\Tyuiu.AngeliA.Sprint1.Task4.V27.Test.csproj", "{E1EB4292-897E-4AC1-B85E-6942CEA25805}"
EndProject
Project("{FAE04EC0-301F-11D3-BF4B-00C04F79EFBC}") = "Tyuiu.AngeliA.Sprint1.Task4.V27.Lib", "Tyuiu.AngeliA.Sprint1.Task4.V27.Lib\Tyuiu.AngeliA.Sprint1.Task4.V27.Lib.csproj", "{93242AC4-ABD9-4EB2-8650-17B944425058}"
EndProject
Project("{2150E333-8FDC-42A3-9474-1A3956D46DE8}") = "Task5", "Task5", "{1A00AA80-829D-4151-AF19-0673DF721294}"
EndProject
Project("{FAE04EC0-301F-11D3-BF4B-00C04F79EFBC}") = "Tyuiu.AngeliA.Sprint1.Task5.V6", "Tyuiu.AngeliA.Sprint1.Task5.V6\Tyuiu.AngeliA.Sprint1.Task5.V6.csproj", "{4918D40A-640B-4B71-9A4D-E32D38DB4F8A}"
EndProject
Project("{FAE04EC0-301F-11D3-BF4B-00C04F79EFBC}") = "Tyuiu.AngeliA.Sprint1.Task5.V6.Test", "Tyuiu.AngeliA.Sprint1.Task5.V6.Test\Tyuiu.AngeliA.Sprint1.Task5.V6.Test.csproj", "{5C92D3F5-1FB2-44FB-87C3-290C5AA156F2}"
EndProject
Project("{FAE04EC0-301F-11D3-BF4B-00C04F79EFBC}") = "Tyuiu.AngeliA.Sprint1.Task5.V6.Lib", "Tyuiu.AngeliA.Sprint1.Task5.V6.Lib\Tyuiu.AngeliA.Sprint1.Task5.V6.Lib.csproj", "{4A8EF843-DF09-4023-80A0-2B4060C9CAB6}"
EndProject
Project("{2150E333-8FDC-42A3-9474-1A3956D46DE8}") = "Task6", "Task6", "{F19B3A48-2204-4453-A787-8970F35F9B17}"
EndProject
Project("{FAE04EC0-301F-11D3-BF4B-00C04F79EFBC}") = "Tyuiu.AngeliA.Sprint1.Task6.V3", "Tyuiu.AngeliA.Sprint1.Task6.V3\Tyuiu.AngeliA.Sprint1.Task6.V3.csproj", "{90EAE60B-21D1-41CF-9C98-2C5D55711F6D}"
EndProject
Project("{FAE04EC0-301F-11D3-BF4B-00C04F79EFBC}") = "Tyuiu.AngeliA.Sprint1.Task6.V3.Lib", "Tyuiu.AngeliA.Sprint1.Task6.V3.Lib\Tyuiu.AngeliA.Sprint1.Task6.V3.Lib.csproj", "{892426E6-C76E-4C53-B22A-6843A9CAA9F4}"
EndProject
Project("{FAE04EC0-301F-11D3-BF4B-00C04F79EFBC}") = "Tyuiu.AngeliA.Sprint1.Task6.V3.Test", "Tyuiu.AngeliA.Sprint1.Task6.V3.Test\Tyuiu.AngeliA.Sprint1.Task6.V3.Test.csproj", "{ED683107-C969-4CB3-B28F-6723CD9CFCE7}"
EndProject
Project("{2150E333-8FDC-42A3-9474-1A3956D46DE8}") = "Task7", "Task7", "{19BCB2B0-36F2-42E9-BCF3-96249754C2DF}"
EndProject
Project("{FAE04EC0-301F-11D3-BF4B-00C04F79EFBC}") = "Tyuiu.AngeliA.Sprint1.Task7.V27", "Tyuiu.AngeliA.Sprint1.Task7.V27\Tyuiu.AngeliA.Sprint1.Task7.V27.csproj", "{BC2977AA-8EF1-49CE-BB7B-C52BB2DB0500}"
EndProject
Project("{FAE04EC0-301F-11D3-BF4B-00C04F79EFBC}") = "Tyuiu.AngeliA.Sprint1.Task7.V27.Test", "Tyuiu.AngeliA.Sprint1.Task7.V27.Test\Tyuiu.AngeliA.Sprint1.Task7.V27.Test.csproj", "{D522BCEB-6C8E-4E80-9922-B70D54866502}"
EndProject
Project("{FAE04EC0-301F-11D3-BF4B-00C04F79EFBC}") = "Tyuiu.AngeliA.Sprint1.Task7.V27.Lib", "Tyuiu.AngeliA.Sprint1.Task7.V27.Lib\Tyuiu.AngeliA.Sprint1.Task7.V27.Lib.csproj", "{CE020540-7529-4C9E-9C94-928823AA0A86}"
EndProject
Global
	GlobalSection(SolutionConfigurationPlatforms) = preSolution
		Debug|Any CPU = Debug|Any CPU
		Release|Any CPU = Release|Any CPU
	EndGlobalSection
	GlobalSection(ProjectConfigurationPlatforms) = postSolution
		{DE9B43B9-19F5-4A00-A21E-BE66ADA13418}.Debug|Any CPU.ActiveCfg = Debug|Any CPU
		{DE9B43B9-19F5-4A00-A21E-BE66ADA13418}.Debug|Any CPU.Build.0 = Debug|Any CPU
		{DE9B43B9-19F5-4A00-A21E-BE66ADA13418}.Release|Any CPU.ActiveCfg = Release|Any CPU
		{DE9B43B9-19F5-4A00-A21E-BE66ADA13418}.Release|Any CPU.Build.0 = Release|Any CPU
		{E04B95A6-EDC8-40DA-A891-B356EB546F6B}.Debug|Any CPU.ActiveCfg = Debug|Any CPU
		{E04B95A6-EDC8-40DA-A891-B356EB546F6B}.Debug|Any CPU.Build.0 = Debug|Any CPU
		{E04B95A6-EDC8-40DA-A891-B356EB546F6B}.Release|Any CPU.ActiveCfg = Release|Any CPU
		{E04B95A6-EDC8-40DA-A891-B356EB546F6B}.Release|Any CPU.Build.0 = Release|Any CPU
		{EC40AC2E-017C-46ED-9717-F3712FC8E9C0}.Debug|Any CPU.ActiveCfg = Debug|Any CPU
		{EC40AC2E-017C-46ED-9717-F3712FC8E9C0}.Debug|Any CPU.Build.0 = Debug|Any CPU
		{EC40AC2E-017C-46ED-9717-F3712FC8E9C0}.Release|Any CPU.ActiveCfg = Release|Any CPU
		{EC40AC2E-017C-46ED-9717-F3712FC8E9C0}.Release|Any CPU.Build.0 = Release|Any CPU
		{1D82D3F6-C9D1-4AAF-9F93-71B668D84765}.Debug|Any CPU.ActiveCfg = Debug|Any CPU
		{1D82D3F6-C9D1-4AAF-9F93-71B668D84765}.Debug|Any CPU.Build.0 = Debug|Any CPU
		{1D82D3F6-C9D1-4AAF-9F93-71B668D84765}.Release|Any CPU.ActiveCfg = Release|Any CPU
		{1D82D3F6-C9D1-4AAF-9F93-71B668D84765}.Release|Any CPU.Build.0 = Release|Any CPU
		{3254454F-7DFC-41B7-B452-0AAD20E0FE64}.Debug|Any CPU.ActiveCfg = Debug|Any CPU
		{3254454F-7DFC-41B7-B452-0AAD20E0FE64}.Debug|Any CPU.Build.0 = Debug|Any CPU
		{3254454F-7DFC-41B7-B452-0AAD20E0FE64}.Release|Any CPU.ActiveCfg = Release|Any CPU
		{3254454F-7DFC-41B7-B452-0AAD20E0FE64}.Release|Any CPU.Build.0 = Release|Any CPU
		{7E1DB1B8-D2EF-4336-BD58-88E259C03190}.Debug|Any CPU.ActiveCfg = Debug|Any CPU
		{7E1DB1B8-D2EF-4336-BD58-88E259C03190}.Debug|Any CPU.Build.0 = Debug|Any CPU
		{7E1DB1B8-D2EF-4336-BD58-88E259C03190}.Release|Any CPU.ActiveCfg = Release|Any CPU
		{7E1DB1B8-D2EF-4336-BD58-88E259C03190}.Release|Any CPU.Build.0 = Release|Any CPU
		{980718AB-97F5-4A02-8AFA-43D0DCCEB123}.Debug|Any CPU.ActiveCfg = Debug|Any CPU
		{980718AB-97F5-4A02-8AFA-43D0DCCEB123}.Debug|Any CPU.Build.0 = Debug|Any CPU
		{980718AB-97F5-4A02-8AFA-43D0DCCEB123}.Release|Any CPU.ActiveCfg = Release|Any CPU
		{980718AB-97F5-4A02-8AFA-43D0DCCEB123}.Release|Any CPU.Build.0 = Release|Any CPU
		{AD919174-30FC-4A4C-976D-5A253C814DE0}.Debug|Any CPU.ActiveCfg = Debug|Any CPU
		{AD919174-30FC-4A4C-976D-5A253C814DE0}.Debug|Any CPU.Build.0 = Debug|Any CPU
		{AD919174-30FC-4A4C-976D-5A253C814DE0}.Release|Any CPU.ActiveCfg = Release|Any CPU
		{AD919174-30FC-4A4C-976D-5A253C814DE0}.Release|Any CPU.Build.0 = Release|Any CPU
		{9C5A4E4E-9E8B-4305-9817-5A326B13551B}.Debug|Any CPU.ActiveCfg = Debug|Any CPU
		{9C5A4E4E-9E8B-4305-9817-5A326B13551B}.Debug|Any CPU.Build.0 = Debug|Any CPU
		{9C5A4E4E-9E8B-4305-9817-5A326B13551B}.Release|Any CPU.ActiveCfg = Release|Any CPU
		{9C5A4E4E-9E8B-4305-9817-5A326B13551B}.Release|Any CPU.Build.0 = Release|Any CPU
		{321D5832-5BCE-413D-BA8D-08F614DDA806}.Debug|Any CPU.ActiveCfg = Debug|Any CPU
		{321D5832-5BCE-413D-BA8D-08F614DDA806}.Debug|Any CPU.Build.0 = Debug|Any CPU
		{321D5832-5BCE-413D-BA8D-08F614DDA806}.Release|Any CPU.ActiveCfg = Release|Any CPU
		{321D5832-5BCE-413D-BA8D-08F614DDA806}.Release|Any CPU.Build.0 = Release|Any CPU
		{57D17FBC-9A42-4362-BA3C-6FD782428005}.Debug|Any CPU.ActiveCfg = Debug|Any CPU
		{57D17FBC-9A42-4362-BA3C-6FD782428005}.Debug|Any CPU.Build.0 = Debug|Any CPU
		{57D17FBC-9A42-4362-BA3C-6FD782428005}.Release|Any CPU.ActiveCfg = Release|Any CPU
		{57D17FBC-9A42-4362-BA3C-6FD782428005}.Release|Any CPU.Build.0 = Release|Any CPU
		{93672ECD-82F5-4A97-974E-C7BE175A4E1D}.Debug|Any CPU.ActiveCfg = Debug|Any CPU
		{93672ECD-82F5-4A97-974E-C7BE175A4E1D}.Debug|Any CPU.Build.0 = Debug|Any CPU
		{93672ECD-82F5-4A97-974E-C7BE175A4E1D}.Release|Any CPU.ActiveCfg = Release|Any CPU
		{93672ECD-82F5-4A97-974E-C7BE175A4E1D}.Release|Any CPU.Build.0 = Release|Any CPU
		{861D1B65-6913-4A6C-B55B-2A7D2D9AFA09}.Debug|Any CPU.ActiveCfg = Debug|Any CPU
		{861D1B65-6913-4A6C-B55B-2A7D2D9AFA09}.Debug|Any CPU.Build.0 = Debug|Any CPU
		{861D1B65-6913-4A6C-B55B-2A7D2D9AFA09}.Release|Any CPU.ActiveCfg = Release|Any CPU
		{861D1B65-6913-4A6C-B55B-2A7D2D9AFA09}.Release|Any CPU.Build.0 = Release|Any CPU
		{E1EB4292-897E-4AC1-B85E-6942CEA25805}.Debug|Any CPU.ActiveCfg = Debug|Any CPU
		{E1EB4292-897E-4AC1-B85E-6942CEA25805}.Debug|Any CPU.Build.0 = Debug|Any CPU
		{E1EB4292-897E-4AC1-B85E-6942CEA25805}.Release|Any CPU.ActiveCfg = Release|Any CPU
		{E1EB4292-897E-4AC1-B85E-6942CEA25805}.Release|Any CPU.Build.0 = Release|Any CPU
		{93242AC4-ABD9-4EB2-8650-17B944425058}.Debug|Any CPU.ActiveCfg = Debug|Any CPU
		{93242AC4-ABD9-4EB2-8650-17B944425058}.Debug|Any CPU.Build.0 = Debug|Any CPU
		{93242AC4-ABD9-4EB2-8650-17B944425058}.Release|Any CPU.ActiveCfg = Release|Any CPU
		{93242AC4-ABD9-4EB2-8650-17B944425058}.Release|Any CPU.Build.0 = Release|Any CPU
		{4918D40A-640B-4B71-9A4D-E32D38DB4F8A}.Debug|Any CPU.ActiveCfg = Debug|Any CPU
		{4918D40A-640B-4B71-9A4D-E32D38DB4F8A}.Debug|Any CPU.Build.0 = Debug|Any CPU
		{4918D40A-640B-4B71-9A4D-E32D38DB4F8A}.Release|Any CPU.ActiveCfg = Release|Any CPU
		{4918D40A-640B-4B71-9A4D-E32D38DB4F8A}.Release|Any CPU.Build.0 = Release|Any CPU
		{5C92D3F5-1FB2-44FB-87C3-290C5AA156F2}.Debug|Any CPU.ActiveCfg = Debug|Any CPU
		{5C92D3F5-1FB2-44FB-87C3-290C5AA156F2}.Debug|Any CPU.Build.0 = Debug|Any CPU
		{5C92D3F5-1FB2-44FB-87C3-290C5AA156F2}.Release|Any CPU.ActiveCfg = Release|Any CPU
		{5C92D3F5-1FB2-44FB-87C3-290C5AA156F2}.Release|Any CPU.Build.0 = Release|Any CPU
		{4A8EF843-DF09-4023-80A0-2B4060C9CAB6}.Debug|Any CPU.ActiveCfg = Debug|Any CPU
		{4A8EF843-DF09-4023-80A0-2B4060C9CAB6}.Debug|Any CPU.Build.0 = Debug|Any CPU
		{4A8EF843-DF09-4023-80A0-2B4060C9CAB6}.Release|Any CPU.ActiveCfg = Release|Any CPU
		{4A8EF843-DF09-4023-80A0-2B4060C9CAB6}.Release|Any CPU.Build.0 = Release|Any CPU
		{90EAE60B-21D1-41CF-9C98-2C5D55711F6D}.Debug|Any CPU.ActiveCfg = Debug|Any CPU
		{90EAE60B-21D1-41CF-9C98-2C5D55711F6D}.Debug|Any CPU.Build.0 = Debug|Any CPU
		{90EAE60B-21D1-41CF-9C98-2C5D55711F6D}.Release|Any CPU.ActiveCfg = Release|Any CPU
		{90EAE60B-21D1-41CF-9C98-2C5D55711F6D}.Release|Any CPU.Build.0 = Release|Any CPU
		{892426E6-C76E-4C53-B22A-6843A9CAA9F4}.Debug|Any CPU.ActiveCfg = Debug|Any CPU
		{892426E6-C76E-4C53-B22A-6843A9CAA9F4}.Debug|Any CPU.Build.0 = Debug|Any CPU
		{892426E6-C76E-4C53-B22A-6843A9CAA9F4}.Release|Any CPU.ActiveCfg = Release|Any CPU
		{892426E6-C76E-4C53-B22A-6843A9CAA9F4}.Release|Any CPU.Build.0 = Release|Any CPU
		{ED683107-C969-4CB3-B28F-6723CD9CFCE7}.Debug|Any CPU.ActiveCfg = Debug|Any CPU
		{ED683107-C969-4CB3-B28F-6723CD9CFCE7}.Debug|Any CPU.Build.0 = Debug|Any CPU
		{ED683107-C969-4CB3-B28F-6723CD9CFCE7}.Release|Any CPU.ActiveCfg = Release|Any CPU
		{ED683107-C969-4CB3-B28F-6723CD9CFCE7}.Release|Any CPU.Build.0 = Release|Any CPU
		{BC2977AA-8EF1-49CE-BB7B-C52BB2DB0500}.Debug|Any CPU.ActiveCfg = Debug|Any CPU
		{BC2977AA-8EF1-49CE-BB7B-C52BB2DB0500}.Debug|Any CPU.Build.0 = Debug|Any CPU
		{BC2977AA-8EF1-49CE-BB7B-C52BB2DB0500}.Release|Any CPU.ActiveCfg = Release|Any CPU
		{BC2977AA-8EF1-49CE-BB7B-C52BB2DB0500}.Release|Any CPU.Build.0 = Release|Any CPU
		{D522BCEB-6C8E-4E80-9922-B70D54866502}.Debug|Any CPU.ActiveCfg = Debug|Any CPU
		{D522BCEB-6C8E-4E80-9922-B70D54866502}.Debug|Any CPU.Build.0 = Debug|Any CPU
		{D522BCEB-6C8E-4E80-9922-B70D54866502}.Release|Any CPU.ActiveCfg = Release|Any CPU
		{D522BCEB-6C8E-4E80-9922-B70D54866502}.Release|Any CPU.Build.0 = Release|Any CPU
		{CE020540-7529-4C9E-9C94-928823AA0A86}.Debug|Any CPU.ActiveCfg = Debug|Any CPU
		{CE020540-7529-4C9E-9C94-928823AA0A86}.Debug|Any CPU.Build.0 = Debug|Any CPU
		{CE020540-7529-4C9E-9C94-928823AA0A86}.Release|Any CPU.ActiveCfg = Release|Any CPU
		{CE020540-7529-4C9E-9C94-928823AA0A86}.Release|Any CPU.Build.0 = Release|Any CPU
	EndGlobalSection
	GlobalSection(SolutionProperties) = preSolution
		HideSolutionNode = FALSE
	EndGlobalSection
	GlobalSection(NestedProjects) = preSolution
		{DE9B43B9-19F5-4A00-A21E-BE66ADA13418} = {02EA681E-C7D8-13C7-8484-4AC65E1B71E8}
		{E04B95A6-EDC8-40DA-A891-B356EB546F6B} = {02EA681E-C7D8-13C7-8484-4AC65E1B71E8}
		{EC40AC2E-017C-46ED-9717-F3712FC8E9C0} = {02EA681E-C7D8-13C7-8484-4AC65E1B71E8}
		{1D82D3F6-C9D1-4AAF-9F93-71B668D84765} = {0F81771B-3FAB-4600-B1A1-19FE94F32532}
		{3254454F-7DFC-41B7-B452-0AAD20E0FE64} = {0F81771B-3FAB-4600-B1A1-19FE94F32532}
		{7E1DB1B8-D2EF-4336-BD58-88E259C03190} = {0F81771B-3FAB-4600-B1A1-19FE94F32532}
		{980718AB-97F5-4A02-8AFA-43D0DCCEB123} = {DCBFD9D7-8DDA-4A5E-B4B1-EA3EE2B41A0A}
		{AD919174-30FC-4A4C-976D-5A253C814DE0} = {DCBFD9D7-8DDA-4A5E-B4B1-EA3EE2B41A0A}
		{9C5A4E4E-9E8B-4305-9817-5A326B13551B} = {DCBFD9D7-8DDA-4A5E-B4B1-EA3EE2B41A0A}
		{321D5832-5BCE-413D-BA8D-08F614DDA806} = {C8105906-145B-4A3C-AE5E-DDAAEF069FFC}
		{57D17FBC-9A42-4362-BA3C-6FD782428005} = {C8105906-145B-4A3C-AE5E-DDAAEF069FFC}
		{93672ECD-82F5-4A97-974E-C7BE175A4E1D} = {C8105906-145B-4A3C-AE5E-DDAAEF069FFC}
		{861D1B65-6913-4A6C-B55B-2A7D2D9AFA09} = {87E11561-75F9-445C-8066-745B3309177E}
		{E1EB4292-897E-4AC1-B85E-6942CEA25805} = {87E11561-75F9-445C-8066-745B3309177E}
		{93242AC4-ABD9-4EB2-8650-17B944425058} = {87E11561-75F9-445C-8066-745B3309177E}
		{4918D40A-640B-4B71-9A4D-E32D38DB4F8A} = {1A00AA80-829D-4151-AF19-0673DF721294}
		{5C92D3F5-1FB2-44FB-87C3-290C5AA156F2} = {1A00AA80-829D-4151-AF19-0673DF721294}
		{4A8EF843-DF09-4023-80A0-2B4060C9CAB6} = {1A00AA80-829D-4151-AF19-0673DF721294}
		{90EAE60B-21D1-41CF-9C98-2C5D55711F6D} = {F19B3A48-2204-4453-A787-8970F35F9B17}
		{892426E6-C76E-4C53-B22A-6843A9CAA9F4} = {F19B3A48-2204-4453-A787-8970F35F9B17}
		{ED683107-C969-4CB3-B28F-6723CD9CFCE7} = {F19B3A48-2204-4453-A787-8970F35F9B17}
		{BC2977AA-8EF1-49CE-BB7B-C52BB2DB0500} = {19BCB2B0-36F2-42E9-BCF3-96249754C2DF}
		{D522BCEB-6C8E-4E80-9922-B70D54866502} = {19BCB2B0-36F2-42E9-BCF3-96249754C2DF}
		{CE020540-7529-4C9E-9C94-928823AA0A86} = {19BCB2B0-36F2-42E9-BCF3-96249754C2DF}
	EndGlobalSection
	GlobalSection(ExtensibilityGlobals) = postSolution
		SolutionGuid = {231447AC-E4A2-41EB-B0CC-E13FB01BABB6}
	EndGlobalSection
EndGlobal
